
Microsoft Visual Studio Solution File, Format Version 12.00
# Visual Studio 15
VisualStudioVersion = 15.0.27428.2002
MinimumVisualStudioVersion = 10.0.40219.1
Project("{FAE04EC0-301F-11D3-BF4B-00C04F79EFBC}") = "WindowsFormsApp9", "WindowsFormsApp9\WindowsFormsApp9.csproj", "{0A4FF9CB-2F1D-41C0-899D-F1FE67764427}"
EndProject
Global
	GlobalSection(SolutionConfigurationPlatforms) = preSolution
		Debug|Any CPU = Debug|Any CPU
		Release|Any CPU = Release|Any CPU
	EndGlobalSection
	GlobalSection(ProjectConfigurationPlatforms) = postSolution
		{0A4FF9CB-2F1D-41C0-899D-F1FE67764427}.Debug|Any CPU.ActiveCfg = Debug|Any CPU
		{0A4FF9CB-2F1D-41C0-899D-F1FE67764427}.Debug|Any CPU.Build.0 = Debug|Any CPU
		{0A4FF9CB-2F1D-41C0-899D-F1FE67764427}.Release|Any CPU.ActiveCfg = Release|Any CPU
		{0A4FF9CB-2F1D-41C0-899D-F1FE67764427}.Release|Any CPU.Build.0 = Release|Any CPU
	EndGlobalSection
	GlobalSection(SolutionProperties) = preSolution
		HideSolutionNode = FALSE
	EndGlobalSection
	GlobalSection(ExtensibilityGlobals) = postSolution
		SolutionGuid = {F03A49F8-96AE-4994-81F2-8232B594C34F}
	EndGlobalSection
EndGlobal
